// !$*UTF8*$!
{
	archiveVersion = 1;
	classes = {
	};
	objectVersion = 46;
	objects = {

/* Begin PBXBuildFile section */
		49ED60391DAE9090009999DF /* AppDelegate.swift in Sources */ = {isa = PBXBuildFile; fileRef = 49ED60381DAE9090009999DF /* AppDelegate.swift */; };
		49ED603B1DAE9090009999DF /* ViewController.swift in Sources */ = {isa = PBXBuildFile; fileRef = 49ED603A1DAE9090009999DF /* ViewController.swift */; };
		49ED603D1DAE9090009999DF /* Assets.xcassets in Resources */ = {isa = PBXBuildFile; fileRef = 49ED603C1DAE9090009999DF /* Assets.xcassets */; };
		49ED60401DAE9090009999DF /* Main.storyboard in Resources */ = {isa = PBXBuildFile; fileRef = 49ED603E1DAE9090009999DF /* Main.storyboard */; };
		49ED604B1DAE9090009999DF /* MyWalletTests.swift in Sources */ = {isa = PBXBuildFile; fileRef = 49ED604A1DAE9090009999DF /* MyWalletTests.swift */; };
		49ED60561DAE9090009999DF /* MyWalletUITests.swift in Sources */ = {isa = PBXBuildFile; fileRef = 49ED60551DAE9090009999DF /* MyWalletUITests.swift */; };
/* End PBXBuildFile section */

/* Begin PBXContainerItemProxy section */
		49ED60471DAE9090009999DF /* PBXContainerItemProxy */ = {
			isa = PBXContainerItemProxy;
			containerPortal = 49ED602D1DAE9090009999DF /* Project object */;
			proxyType = 1;
			remoteGlobalIDString = 49ED60341DAE9090009999DF;
			remoteInfo = MyWallet;
		};
		49ED60521DAE9090009999DF /* PBXContainerItemProxy */ = {
			isa = PBXContainerItemProxy;
			containerPortal = 49ED602D1DAE9090009999DF /* Project object */;
			proxyType = 1;
			remoteGlobalIDString = 49ED60341DAE9090009999DF;
			remoteInfo = MyWallet;
		};
/* End PBXContainerItemProxy section */

/* Begin PBXFileReference section */
		49ED60351DAE9090009999DF /* MyWallet.app */ = {isa = PBXFileReference; explicitFileType = wrapper.application; includeInIndex = 0; path = MyWallet.app; sourceTree = BUILT_PRODUCTS_DIR; };
		49ED60381DAE9090009999DF /* AppDelegate.swift */ = {isa = PBXFileReference; lastKnownFileType = sourcecode.swift; path = AppDelegate.swift; sourceTree = "<group>"; };
		49ED603A1DAE9090009999DF /* ViewController.swift */ = {isa = PBXFileReference; lastKnownFileType = sourcecode.swift; path = ViewController.swift; sourceTree = "<group>"; };
		49ED603C1DAE9090009999DF /* Assets.xcassets */ = {isa = PBXFileReference; lastKnownFileType = folder.assetcatalog; path = Assets.xcassets; sourceTree = "<group>"; };
		49ED603F1DAE9090009999DF /* Base */ = {isa = PBXFileReference; lastKnownFileType = file.storyboard; name = Base; path = Base.lproj/Main.storyboard; sourceTree = "<group>"; };
		49ED60411DAE9090009999DF /* Info.plist */ = {isa = PBXFileReference; lastKnownFileType = text.plist.xml; path = Info.plist; sourceTree = "<group>"; };
		49ED60461DAE9090009999DF /* MyWalletTests.xctest */ = {isa = PBXFileReference; explicitFileType = wrapper.cfbundle; includeInIndex = 0; path = MyWalletTests.xctest; sourceTree = BUILT_PRODUCTS_DIR; };
		49ED604A1DAE9090009999DF /* MyWalletTests.swift */ = {isa = PBXFileReference; lastKnownFileType = sourcecode.swift; path = MyWalletTests.swift; sourceTree = "<group>"; };
		49ED604C1DAE9090009999DF /* Info.plist */ = {isa = PBXFileReference; lastKnownFileType = text.plist.xml; path = Info.plist; sourceTree = "<group>"; };
		49ED60511DAE9090009999DF /* MyWalletUITests.xctest */ = {isa = PBXFileReference; explicitFileType = wrapper.cfbundle; includeInIndex = 0; path = MyWalletUITests.xctest; sourceTree = BUILT_PRODUCTS_DIR; };
		49ED60551DAE9090009999DF /* MyWalletUITests.swift */ = {isa = PBXFileReference; lastKnownFileType = sourcecode.swift; path = MyWalletUITests.swift; sourceTree = "<group>"; };
		49ED60571DAE9090009999DF /* Info.plist */ = {isa = PBXFileReference; lastKnownFileType = text.plist.xml; path = Info.plist; sourceTree = "<group>"; };
/* End PBXFileReference section */

/* Begin PBXFrameworksBuildPhase section */
		49ED60321DAE9090009999DF /* Frameworks */ = {
			isa = PBXFrameworksBuildPhase;
			buildActionMask = 2147483647;
			files = (
			);
			runOnlyForDeploymentPostprocessing = 0;
		};
		49ED60431DAE9090009999DF /* Frameworks */ = {
			isa = PBXFrameworksBuildPhase;
			buildActionMask = 2147483647;
			files = (
			);
			runOnlyForDeploymentPostprocessing = 0;
		};
		49ED604E1DAE9090009999DF /* Frameworks */ = {
			isa = PBXFrameworksBuildPhase;
			buildActionMask = 2147483647;
			files = (
			);
			runOnlyForDeploymentPostprocessing = 0;
		};
/* End PBXFrameworksBuildPhase section */

/* Begin PBXGroup section */
		49ED602C1DAE9090009999DF = {
			isa = PBXGroup;
			children = (
				49ED60371DAE9090009999DF /* MyWallet */,
				49ED60491DAE9090009999DF /* MyWalletTests */,
				49ED60541DAE9090009999DF /* MyWalletUITests */,
				49ED60361DAE9090009999DF /* Products */,
			);
			sourceTree = "<group>";
		};
		49ED60361DAE9090009999DF /* Products */ = {
			isa = PBXGroup;
			children = (
				49ED60351DAE9090009999DF /* MyWallet.app */,
				49ED60461DAE9090009999DF /* MyWalletTests.xctest */,
				49ED60511DAE9090009999DF /* MyWalletUITests.xctest */,
			);
			name = Products;
			sourceTree = "<group>";
		};
		49ED60371DAE9090009999DF /* MyWallet */ = {
			isa = PBXGroup;
			children = (
				49ED60381DAE9090009999DF /* AppDelegate.swift */,
				49ED603A1DAE9090009999DF /* ViewController.swift */,
				49ED603C1DAE9090009999DF /* Assets.xcassets */,
				49ED603E1DAE9090009999DF /* Main.storyboard */,
				49ED60411DAE9090009999DF /* Info.plist */,
			);
			path = MyWallet;
			sourceTree = "<group>";
		};
		49ED60491DAE9090009999DF /* MyWalletTests */ = {
			isa = PBXGroup;
			children = (
				49ED604A1DAE9090009999DF /* MyWalletTests.swift */,
				49ED604C1DAE9090009999DF /* Info.plist */,
			);
			path = MyWalletTests;
			sourceTree = "<group>";
		};
		49ED60541DAE9090009999DF /* MyWalletUITests */ = {
			isa = PBXGroup;
			children = (
				49ED60551DAE9090009999DF /* MyWalletUITests.swift */,
				49ED60571DAE9090009999DF /* Info.plist */,
			);
			path = MyWalletUITests;
			sourceTree = "<group>";
		};
/* End PBXGroup section */

/* Begin PBXNativeTarget section */
		49ED60341DAE9090009999DF /* MyWallet */ = {
			isa = PBXNativeTarget;
			buildConfigurationList = 49ED605A1DAE9090009999DF /* Build configuration list for PBXNativeTarget "MyWallet" */;
			buildPhases = (
				49ED60311DAE9090009999DF /* Sources */,
				49ED60321DAE9090009999DF /* Frameworks */,
				49ED60331DAE9090009999DF /* Resources */,
			);
			buildRules = (
			);
			dependencies = (
			);
			name = MyWallet;
			productName = MyWallet;
			productReference = 49ED60351DAE9090009999DF /* MyWallet.app */;
			productType = "com.apple.product-type.application";
		};
		49ED60451DAE9090009999DF /* MyWalletTests */ = {
			isa = PBXNativeTarget;
			buildConfigurationList = 49ED605D1DAE9090009999DF /* Build configuration list for PBXNativeTarget "MyWalletTests" */;
			buildPhases = (
				49ED60421DAE9090009999DF /* Sources */,
				49ED60431DAE9090009999DF /* Frameworks */,
				49ED60441DAE9090009999DF /* Resources */,
			);
			buildRules = (
			);
			dependencies = (
				49ED60481DAE9090009999DF /* PBXTargetDependency */,
			);
			name = MyWalletTests;
			productName = MyWalletTests;
			productReference = 49ED60461DAE9090009999DF /* MyWalletTests.xctest */;
			productType = "com.apple.product-type.bundle.unit-test";
		};
		49ED60501DAE9090009999DF /* MyWalletUITests */ = {
			isa = PBXNativeTarget;
			buildConfigurationList = 49ED60601DAE9090009999DF /* Build configuration list for PBXNativeTarget "MyWalletUITests" */;
			buildPhases = (
				49ED604D1DAE9090009999DF /* Sources */,
				49ED604E1DAE9090009999DF /* Frameworks */,
				49ED604F1DAE9090009999DF /* Resources */,
			);
			buildRules = (
			);
			dependencies = (
				49ED60531DAE9090009999DF /* PBXTargetDependency */,
			);
			name = MyWalletUITests;
			productName = MyWalletUITests;
			productReference = 49ED60511DAE9090009999DF /* MyWalletUITests.xctest */;
			productType = "com.apple.product-type.bundle.ui-testing";
		};
/* End PBXNativeTarget section */

/* Begin PBXProject section */
		49ED602D1DAE9090009999DF /* Project object */ = {
			isa = PBXProject;
			attributes = {
				LastSwiftUpdateCheck = 0800;
				LastUpgradeCheck = 0800;
				ORGANIZATIONNAME = jiangchao;
				TargetAttributes = {
					49ED60341DAE9090009999DF = {
						CreatedOnToolsVersion = 8.0;
						ProvisioningStyle = Automatic;
					};
					49ED60451DAE9090009999DF = {
						CreatedOnToolsVersion = 8.0;
						ProvisioningStyle = Automatic;
						TestTargetID = 49ED60341DAE9090009999DF;
					};
					49ED60501DAE9090009999DF = {
						CreatedOnToolsVersion = 8.0;
						ProvisioningStyle = Automatic;
						TestTargetID = 49ED60341DAE9090009999DF;
					};
				};
			};
			buildConfigurationList = 49ED60301DAE9090009999DF /* Build configuration list for PBXProject "MyWallet" */;
			compatibilityVersion = "Xcode 3.2";
			developmentRegion = English;
			hasScannedForEncodings = 0;
			knownRegions = (
				en,
				Base,
			);
			mainGroup = 49ED602C1DAE9090009999DF;
			productRefGroup = 49ED60361DAE9090009999DF /* Products */;
			projectDirPath = "";
			projectRoot = "";
			targets = (
				49ED60341DAE9090009999DF /* MyWallet */,
				49ED60451DAE9090009999DF /* MyWalletTests */,
				49ED60501DAE9090009999DF /* MyWalletUITests */,
			);
		};
/* End PBXProject section */

/* Begin PBXResourcesBuildPhase section */
		49ED60331DAE9090009999DF /* Resources */ = {
			isa = PBXResourcesBuildPhase;
			buildActionMask = 2147483647;
			files = (
				49ED603D1DAE9090009999DF /* Assets.xcassets in Resources */,
				49ED60401DAE9090009999DF /* Main.storyboard in Resources */,
			);
			runOnlyForDeploymentPostprocessing = 0;
		};
		49ED60441DAE9090009999DF /* Resources */ = {
			isa = PBXResourcesBuildPhase;
			buildActionMask = 2147483647;
			files = (
			);
			runOnlyForDeploymentPostprocessing = 0;
		};
		49ED604F1DAE9090009999DF /* Resources */ = {
			isa = PBXResourcesBuildPhase;
			buildActionMask = 2147483647;
			files = (
			);
			runOnlyForDeploymentPostprocessing = 0;
		};
/* End PBXResourcesBuildPhase section */

/* Begin PBXSourcesBuildPhase section */
		49ED60311DAE9090009999DF /* Sources */ = {
			isa = PBXSourcesBuildPhase;
			buildActionMask = 2147483647;
			files = (
				49ED603B1DAE9090009999DF /* ViewController.swift in Sources */,
				49ED60391DAE9090009999DF /* AppDelegate.swift in Sources */,
			);
			runOnlyForDeploymentPostprocessing = 0;
		};
		49ED60421DAE9090009999DF /* Sources */ = {
			isa = PBXSourcesBuildPhase;
			buildActionMask = 2147483647;
			files = (
				49ED604B1DAE9090009999DF /* MyWalletTests.swift in Sources */,
			);
			runOnlyForDeploymentPostprocessing = 0;
		};
		49ED604D1DAE9090009999DF /* Sources */ = {
			isa = PBXSourcesBuildPhase;
			buildActionMask = 2147483647;
			files = (
				49ED60561DAE9090009999DF /* MyWalletUITests.swift in Sources */,
			);
			runOnlyForDeploymentPostprocessing = 0;
		};
/* End PBXSourcesBuildPhase section */

/* Begin PBXTargetDependency section */
		49ED60481DAE9090009999DF /* PBXTargetDependency */ = {
			isa = PBXTargetDependency;
			target = 49ED60341DAE9090009999DF /* MyWallet */;
			targetProxy = 49ED60471DAE9090009999DF /* PBXContainerItemProxy */;
		};
		49ED60531DAE9090009999DF /* PBXTargetDependency */ = {
			isa = PBXTargetDependency;
			target = 49ED60341DAE9090009999DF /* MyWallet */;
			targetProxy = 49ED60521DAE9090009999DF /* PBXContainerItemProxy */;
		};
/* End PBXTargetDependency section */

/* Begin PBXVariantGroup section */
		49ED603E1DAE9090009999DF /* Main.storyboard */ = {
			isa = PBXVariantGroup;
			children = (
				49ED603F1DAE9090009999DF /* Base */,
			);
			name = Main.storyboard;
			sourceTree = "<group>";
		};
/* End PBXVariantGroup section */

/* Begin XCBuildConfiguration section */
		49ED60581DAE9090009999DF /* Debug */ = {
			isa = XCBuildConfiguration;
			buildSettings = {
				ALWAYS_SEARCH_USER_PATHS = NO;
				CLANG_ANALYZER_NONNULL = YES;
				CLANG_CXX_LANGUAGE_STANDARD = "gnu++0x";
				CLANG_CXX_LIBRARY = "libc++";
				CLANG_ENABLE_MODULES = YES;
				CLANG_ENABLE_OBJC_ARC = YES;
				CLANG_WARN_BOOL_CONVERSION = YES;
				CLANG_WARN_CONSTANT_CONVERSION = YES;
				CLANG_WARN_DIRECT_OBJC_ISA_USAGE = YES_ERROR;
				CLANG_WARN_DOCUMENTATION_COMMENTS = YES;
				CLANG_WARN_EMPTY_BODY = YES;
				CLANG_WARN_ENUM_CONVERSION = YES;
				CLANG_WARN_INFINITE_RECURSION = YES;
				CLANG_WARN_INT_CONVERSION = YES;
				CLANG_WARN_OBJC_ROOT_CLASS = YES_ERROR;
				CLANG_WARN_SUSPICIOUS_MOVES = YES;
				CLANG_WARN_UNREACHABLE_CODE = YES;
				CLANG_WARN__DUPLICATE_METHOD_MATCH = YES;
				CODE_SIGN_IDENTITY = "-";
				COPY_PHASE_STRIP = NO;
				DEBUG_INFORMATION_FORMAT = dwarf;
				ENABLE_STRICT_OBJC_MSGSEND = YES;
				ENABLE_TESTABILITY = YES;
				GCC_C_LANGUAGE_STANDARD = gnu99;
				GCC_DYNAMIC_NO_PIC = NO;
				GCC_NO_COMMON_BLOCKS = YES;
				GCC_OPTIMIZATION_LEVEL = 0;
				GCC_PREPROCESSOR_DEFINITIONS = (
					"DEBUG=1",
					"$(inherited)",
				);
				GCC_WARN_64_TO_32_BIT_CONVERSION = YES;
				GCC_WARN_ABOUT_RETURN_TYPE = YES_ERROR;
				GCC_WARN_UNDECLARED_SELECTOR = YES;
				GCC_WARN_UNINITIALIZED_AUTOS = YES_AGGRESSIVE;
				GCC_WARN_UNUSED_FUNCTION = YES;
				GCC_WARN_UNUSED_VARIABLE = YES;
				MACOSX_DEPLOYMENT_TARGET = 10.12;
				MTL_ENABLE_DEBUG_INFO = YES;
				ONLY_ACTIVE_ARCH = YES;
				SDKROOT = macosx;
				SWIFT_ACTIVE_COMPILATION_CONDITIONS = DEBUG;
				SWIFT_OPTIMIZATION_LEVEL = "-Onone";
			};
			name = Debug;
		};
		49ED60591DAE9090009999DF /* Release */ = {
			isa = XCBuildConfiguration;
			buildSettings = {
				ALWAYS_SEARCH_USER_PATHS = NO;
				CLANG_ANALYZER_NONNULL = YES;
				CLANG_CXX_LANGUAGE_STANDARD = "gnu++0x";
				CLANG_CXX_LIBRARY = "libc++";
				CLANG_ENABLE_MODULES = YES;
				CLANG_ENABLE_OBJC_ARC = YES;
				CLANG_WARN_BOOL_CONVERSION = YES;
				CLANG_WARN_CONSTANT_CONVERSION = YES;
				CLANG_WARN_DIRECT_OBJC_ISA_USAGE = YES_ERROR;
				CLANG_WARN_DOCUMENTATION_COMMENTS = YES;
				CLANG_WARN_EMPTY_BODY = YES;
				CLANG_WARN_ENUM_CONVERSION = YES;
				CLANG_WARN_INFINITE_RECURSION = YES;
				CLANG_WARN_INT_CONVERSION = YES;
				CLANG_WARN_OBJC_ROOT_CLASS = YES_ERROR;
				CLANG_WARN_SUSPICIOUS_MOVES = YES;
				CLANG_WARN_UNREACHABLE_CODE = YES;
				CLANG_WARN__DUPLICATE_METHOD_MATCH = YES;
				CODE_SIGN_IDENTITY = "-";
				COPY_PHASE_STRIP = NO;
				DEBUG_INFORMATION_FORMAT = "dwarf-with-dsym";
				ENABLE_NS_ASSERTIONS = NO;
				ENABLE_STRICT_OBJC_MSGSEND = YES;
				GCC_C_LANGUAGE_STANDARD = gnu99;
				GCC_NO_COMMON_BLOCKS = YES;
				GCC_WARN_64_TO_32_BIT_CONVERSION = YES;
				GCC_WARN_ABOUT_RETURN_TYPE = YES_ERROR;
				GCC_WARN_UNDECLARED_SELECTOR = YES;
				GCC_WARN_UNINITIALIZED_AUTOS = YES_AGGRESSIVE;
				GCC_WARN_UNUSED_FUNCTION = YES;
				GCC_WARN_UNUSED_VARIABLE = YES;
				MACOSX_DEPLOYMENT_TARGET = 10.12;
				MTL_ENABLE_DEBUG_INFO = NO;
				SDKROOT = macosx;
				SWIFT_OPTIMIZATION_LEVEL = "-Owholemodule";
			};
			name = Release;
		};
		49ED605B1DAE9090009999DF /* Debug */ = {
			isa = XCBuildConfiguration;
			buildSettings = {
				ASSETCATALOG_COMPILER_APPICON_NAME = AppIcon;
				COMBINE_HIDPI_IMAGES = YES;
				INFOPLIST_FILE = MyWallet/Info.plist;
				LD_RUNPATH_SEARCH_PATHS = "$(inherited) @executable_path/../Frameworks";
				"OTHER_SWIFT_FLAGS[arch=*]" = "-D DEBUG";
				PRODUCT_BUNDLE_IDENTIFIER = VEEX.MyWallet;
				PRODUCT_NAME = "$(TARGET_NAME)";
				SWIFT_VERSION = 3.0;
			};
			name = Debug;
		};
		49ED605C1DAE9090009999DF /* Release */ = {
			isa = XCBuildConfiguration;
			buildSettings = {
				ASSETCATALOG_COMPILER_APPICON_NAME = AppIcon;
				COMBINE_HIDPI_IMAGES = YES;
				INFOPLIST_FILE = MyWallet/Info.plist;
				LD_RUNPATH_SEARCH_PATHS = "$(inherited) @executable_path/../Frameworks";
				PRODUCT_BUNDLE_IDENTIFIER = VEEX.MyWallet;
				PRODUCT_NAME = "$(TARGET_NAME)";
				SWIFT_VERSION = 3.0;
			};
			name = Release;
		};
		49ED605E1DAE9090009999DF /* Debug */ = {
			isa = XCBuildConfiguration;
			buildSettings = {
				ALWAYS_EMBED_SWIFT_STANDARD_LIBRARIES = YES;
				BUNDLE_LOADER = "$(TEST_HOST)";
				COMBINE_HIDPI_IMAGES = YES;
				INFOPLIST_FILE = MyWalletTests/Info.plist;
				LD_RUNPATH_SEARCH_PATHS = "$(inherited) @executable_path/../Frameworks @loader_path/../Frameworks";
				PRODUCT_BUNDLE_IDENTIFIER = VEEX.MyWalletTests;
				PRODUCT_NAME = "$(TARGET_NAME)";
				SWIFT_VERSION = 3.0;
				TEST_HOST = "$(BUILT_PRODUCTS_DIR)/MyWallet.app/Contents/MacOS/MyWallet";
			};
			name = Debug;
		};
		49ED605F1DAE9090009999DF /* Release */ = {
			isa = XCBuildConfiguration;
			buildSettings = {
				ALWAYS_EMBED_SWIFT_STANDARD_LIBRARIES = YES;
				BUNDLE_LOADER = "$(TEST_HOST)";
				COMBINE_HIDPI_IMAGES = YES;
				INFOPLIST_FILE = MyWalletTests/Info.plist;
				LD_RUNPATH_SEARCH_PATHS = "$(inherited) @executable_path/../Frameworks @loader_path/../Frameworks";
				PRODUCT_BUNDLE_IDENTIFIER = VEEX.MyWalletTests;
				PRODUCT_NAME = "$(TARGET_NAME)";
				SWIFT_VERSION = 3.0;
				TEST_HOST = "$(BUILT_PRODUCTS_DIR)/MyWallet.app/Contents/MacOS/MyWallet";
			};
			name = Release;
		};
		49ED60611DAE9090009999DF /* Debug */ = {
			isa = XCBuildConfiguration;
			buildSettings = {
				ALWAYS_EMBED_SWIFT_STANDARD_LIBRARIES = YES;
				COMBINE_HIDPI_IMAGES = YES;
				INFOPLIST_FILE = MyWalletUITests/Info.plist;
				LD_RUNPATH_SEARCH_PATHS = "$(inherited) @executable_path/../Frameworks @loader_path/../Frameworks";
				PRODUCT_BUNDLE_IDENTIFIER = VEEX.MyWalletUITests;
				PRODUCT_NAME = "$(TARGET_NAME)";
				SWIFT_VERSION = 3.0;
				TEST_TARGET_NAME = MyWallet;
			};
			name = Debug;
		};
		49ED60621DAE9090009999DF /* Release */ = {
			isa = XCBuildConfiguration;
			buildSettings = {
				ALWAYS_EMBED_SWIFT_STANDARD_LIBRARIES = YES;
				COMBINE_HIDPI_IMAGES = YES;
				INFOPLIST_FILE = MyWalletUITests/Info.plist;
				LD_RUNPATH_SEARCH_PATHS = "$(inherited) @executable_path/../Frameworks @loader_path/../Frameworks";
				PRODUCT_BUNDLE_IDENTIFIER = VEEX.MyWalletUITests;
				PRODUCT_NAME = "$(TARGET_NAME)";
				SWIFT_VERSION = 3.0;
				TEST_TARGET_NAME = MyWallet;
			};
			name = Release;
		};
/* End XCBuildConfiguration section */

/* Begin XCConfigurationList section */
		49ED60301DAE9090009999DF /* Build configuration list for PBXProject "MyWallet" */ = {
			isa = XCConfigurationList;
			buildConfigurations = (
				49ED60581DAE9090009999DF /* Debug */,
				49ED60591DAE9090009999DF /* Release */,
			);
			defaultConfigurationIsVisible = 0;
			defaultConfigurationName = Release;
		};
		49ED605A1DAE9090009999DF /* Build configuration list for PBXNativeTarget "MyWallet" */ = {
			isa = XCConfigurationList;
			buildConfigurations = (
				49ED605B1DAE9090009999DF /* Debug */,
				49ED605C1DAE9090009999DF /* Release */,
			);
			defaultConfigurationIsVisible = 0;
			defaultConfigurationName = Release;
		};
		49ED605D1DAE9090009999DF /* Build configuration list for PBXNativeTarget "MyWalletTests" */ = {
			isa = XCConfigurationList;
			buildConfigurations = (
				49ED605E1DAE9090009999DF /* Debug */,
				49ED605F1DAE9090009999DF /* Release */,
			);
			defaultConfigurationIsVisible = 0;
			defaultConfigurationName = Release;
		};
		49ED60601DAE9090009999DF /* Build configuration list for PBXNativeTarget "MyWalletUITests" */ = {
			isa = XCConfigurationList;
			buildConfigurations = (
				49ED60611DAE9090009999DF /* Debug */,
				49ED60621DAE9090009999DF /* Release */,
			);
			defaultConfigurationIsVisible = 0;
			defaultConfigurationName = Release;
		};
/* End XCConfigurationList section */
	};
	rootObject = 49ED602D1DAE9090009999DF /* Project object */;
}
